// !$*UTF8*$!
{
	archiveVersion = 1;
	classes = {
	};
	objectVersion = 56;
	objects = {

/* Begin PBXBuildFile section */
		D1EBB6802977417000D46528 /* platziApp.swift in Sources */ = {isa = PBXBuildFile; fileRef = D1EBB67F2977417000D46528 /* platziApp.swift */; };
		D1EBB6822977417000D46528 /* ContentView.swift in Sources */ = {isa = PBXBuildFile; fileRef = D1EBB6812977417000D46528 /* ContentView.swift */; };
		D1EBB6842977417100D46528 /* Assets.xcassets in Resources */ = {isa = PBXBuildFile; fileRef = D1EBB6832977417100D46528 /* Assets.xcassets */; };
		D1EBB6872977417100D46528 /* Preview Assets.xcassets in Resources */ = {isa = PBXBuildFile; fileRef = D1EBB6862977417100D46528 /* Preview Assets.xcassets */; };
		D1EBB69029775B5700D46528 /* TextModView.swift in Sources */ = {isa = PBXBuildFile; fileRef = D1EBB68F29775B5700D46528 /* TextModView.swift */; };
		D1EBB69229775F3100D46528 /* ButtonsView.swift in Sources */ = {isa = PBXBuildFile; fileRef = D1EBB69129775F3100D46528 /* ButtonsView.swift */; };
		D1EBB6942977639B00D46528 /* ImagesView.swift in Sources */ = {isa = PBXBuildFile; fileRef = D1EBB6932977639B00D46528 /* ImagesView.swift */; };
		D1EBB696297766FB00D46528 /* InputTextView.swift in Sources */ = {isa = PBXBuildFile; fileRef = D1EBB695297766FB00D46528 /* InputTextView.swift */; };
		D1EBB69829776A4900D46528 /* DividersView.swift in Sources */ = {isa = PBXBuildFile; fileRef = D1EBB69729776A4900D46528 /* DividersView.swift */; };
		D1EBB69A29776C7100D46528 /* ContainerView.swift in Sources */ = {isa = PBXBuildFile; fileRef = D1EBB69929776C7100D46528 /* ContainerView.swift */; };
		D1EBB69C29776EC300D46528 /* ChallengeView.swift in Sources */ = {isa = PBXBuildFile; fileRef = D1EBB69B29776EC300D46528 /* ChallengeView.swift */; };
/* End PBXBuildFile section */

/* Begin PBXFileReference section */
		D1EBB67C2977417000D46528 /* platzi.app */ = {isa = PBXFileReference; explicitFileType = wrapper.application; includeInIndex = 0; path = platzi.app; sourceTree = BUILT_PRODUCTS_DIR; };
		D1EBB67F2977417000D46528 /* platziApp.swift */ = {isa = PBXFileReference; lastKnownFileType = sourcecode.swift; path = platziApp.swift; sourceTree = "<group>"; };
		D1EBB6812977417000D46528 /* ContentView.swift */ = {isa = PBXFileReference; lastKnownFileType = sourcecode.swift; path = ContentView.swift; sourceTree = "<group>"; };
		D1EBB6832977417100D46528 /* Assets.xcassets */ = {isa = PBXFileReference; lastKnownFileType = folder.assetcatalog; path = Assets.xcassets; sourceTree = "<group>"; };
		D1EBB6862977417100D46528 /* Preview Assets.xcassets */ = {isa = PBXFileReference; lastKnownFileType = folder.assetcatalog; path = "Preview Assets.xcassets"; sourceTree = "<group>"; };
		D1EBB68D2977448700D46528 /* variablesConstants.playground */ = {isa = PBXFileReference; lastKnownFileType = file.playground; path = variablesConstants.playground; sourceTree = "<group>"; xcLanguageSpecificationIdentifier = xcode.lang.swift; };
		D1EBB68F29775B5700D46528 /* TextModView.swift */ = {isa = PBXFileReference; lastKnownFileType = sourcecode.swift; path = TextModView.swift; sourceTree = "<group>"; };
		D1EBB69129775F3100D46528 /* ButtonsView.swift */ = {isa = PBXFileReference; lastKnownFileType = sourcecode.swift; path = ButtonsView.swift; sourceTree = "<group>"; };
		D1EBB6932977639B00D46528 /* ImagesView.swift */ = {isa = PBXFileReference; lastKnownFileType = sourcecode.swift; path = ImagesView.swift; sourceTree = "<group>"; };
		D1EBB695297766FB00D46528 /* InputTextView.swift */ = {isa = PBXFileReference; lastKnownFileType = sourcecode.swift; path = InputTextView.swift; sourceTree = "<group>"; };
		D1EBB69729776A4900D46528 /* DividersView.swift */ = {isa = PBXFileReference; lastKnownFileType = sourcecode.swift; path = DividersView.swift; sourceTree = "<group>"; };
		D1EBB69929776C7100D46528 /* ContainerView.swift */ = {isa = PBXFileReference; lastKnownFileType = sourcecode.swift; path = ContainerView.swift; sourceTree = "<group>"; };
		D1EBB69B29776EC300D46528 /* ChallengeView.swift */ = {isa = PBXFileReference; lastKnownFileType = sourcecode.swift; path = ChallengeView.swift; sourceTree = "<group>"; };
/* End PBXFileReference section */

/* Begin PBXFrameworksBuildPhase section */
		D1EBB6792977417000D46528 /* Frameworks */ = {
			isa = PBXFrameworksBuildPhase;
			buildActionMask = 2147483647;
			files = (
			);
			runOnlyForDeploymentPostprocessing = 0;
		};
/* End PBXFrameworksBuildPhase section */

/* Begin PBXGroup section */
		D1EBB6732977417000D46528 = {
			isa = PBXGroup;
			children = (
				D1EBB67E2977417000D46528 /* platzi */,
				D1EBB67D2977417000D46528 /* Products */,
			);
			sourceTree = "<group>";
		};
		D1EBB67D2977417000D46528 /* Products */ = {
			isa = PBXGroup;
			children = (
				D1EBB67C2977417000D46528 /* platzi.app */,
			);
			name = Products;
			sourceTree = "<group>";
		};
		D1EBB67E2977417000D46528 /* platzi */ = {
			isa = PBXGroup;
			children = (
				D1EBB68E297747D800D46528 /* playgrounds */,
				D1EBB67F2977417000D46528 /* platziApp.swift */,
				D1EBB6812977417000D46528 /* ContentView.swift */,
				D1EBB6832977417100D46528 /* Assets.xcassets */,
				D1EBB6852977417100D46528 /* Preview Content */,
				D1EBB68F29775B5700D46528 /* TextModView.swift */,
				D1EBB69129775F3100D46528 /* ButtonsView.swift */,
				D1EBB6932977639B00D46528 /* ImagesView.swift */,
				D1EBB695297766FB00D46528 /* InputTextView.swift */,
				D1EBB69729776A4900D46528 /* DividersView.swift */,
				D1EBB69929776C7100D46528 /* ContainerView.swift */,
				D1EBB69B29776EC300D46528 /* ChallengeView.swift */,
			);
			path = platzi;
			sourceTree = "<group>";
		};
		D1EBB6852977417100D46528 /* Preview Content */ = {
			isa = PBXGroup;
			children = (
				D1EBB6862977417100D46528 /* Preview Assets.xcassets */,
			);
			path = "Preview Content";
			sourceTree = "<group>";
		};
		D1EBB68E297747D800D46528 /* playgrounds */ = {
			isa = PBXGroup;
			children = (
				D1EBB68D2977448700D46528 /* variablesConstants.playground */,
			);
			path = playgrounds;
			sourceTree = "<group>";
		};
/* End PBXGroup section */

/* Begin PBXNativeTarget section */
		D1EBB67B2977417000D46528 /* platzi */ = {
			isa = PBXNativeTarget;
			buildConfigurationList = D1EBB68A2977417100D46528 /* Build configuration list for PBXNativeTarget "platzi" */;
			buildPhases = (
				D1EBB6782977417000D46528 /* Sources */,
				D1EBB6792977417000D46528 /* Frameworks */,
				D1EBB67A2977417000D46528 /* Resources */,
			);
			buildRules = (
			);
			dependencies = (
			);
			name = platzi;
			productName = platzi;
			productReference = D1EBB67C2977417000D46528 /* platzi.app */;
			productType = "com.apple.product-type.application";
		};
/* End PBXNativeTarget section */

/* Begin PBXProject section */
		D1EBB6742977417000D46528 /* Project object */ = {
			isa = PBXProject;
			attributes = {
				BuildIndependentTargetsInParallel = 1;
				LastSwiftUpdateCheck = 1420;
				LastUpgradeCheck = 1420;
				TargetAttributes = {
					D1EBB67B2977417000D46528 = {
						CreatedOnToolsVersion = 14.2;
					};
				};
			};
			buildConfigurationList = D1EBB6772977417000D46528 /* Build configuration list for PBXProject "platzi" */;
			compatibilityVersion = "Xcode 14.0";
			developmentRegion = en;
			hasScannedForEncodings = 0;
			knownRegions = (
				en,
				Base,
			);
			mainGroup = D1EBB6732977417000D46528;
			productRefGroup = D1EBB67D2977417000D46528 /* Products */;
			projectDirPath = "";
			projectRoot = "";
			targets = (
				D1EBB67B2977417000D46528 /* platzi */,
			);
		};
/* End PBXProject section */

/* Begin PBXResourcesBuildPhase section */
		D1EBB67A2977417000D46528 /* Resources */ = {
			isa = PBXResourcesBuildPhase;
			buildActionMask = 2147483647;
			files = (
				D1EBB6872977417100D46528 /* Preview Assets.xcassets in Resources */,
				D1EBB6842977417100D46528 /* Assets.xcassets in Resources */,
			);
			runOnlyForDeploymentPostprocessing = 0;
		};
/* End PBXResourcesBuildPhase section */

/* Begin PBXSourcesBuildPhase section */
		D1EBB6782977417000D46528 /* Sources */ = {
			isa = PBXSourcesBuildPhase;
			buildActionMask = 2147483647;
			files = (
				D1EBB696297766FB00D46528 /* InputTextView.swift in Sources */,
				D1EBB69829776A4900D46528 /* DividersView.swift in Sources */,
				D1EBB6822977417000D46528 /* ContentView.swift in Sources */,
				D1EBB6802977417000D46528 /* platziApp.swift in Sources */,
				D1EBB69A29776C7100D46528 /* ContainerView.swift in Sources */,
				D1EBB69C29776EC300D46528 /* ChallengeView.swift in Sources */,
				D1EBB69229775F3100D46528 /* ButtonsView.swift in Sources */,
				D1EBB69029775B5700D46528 /* TextModView.swift in Sources */,
				D1EBB6942977639B00D46528 /* ImagesView.swift in Sources */,
			);
			runOnlyForDeploymentPostprocessing = 0;
		};
/* End PBXSourcesBuildPhase section */

/* Begin XCBuildConfiguration section */
		D1EBB6882977417100D46528 /* Debug */ = {
			isa = XCBuildConfiguration;
			buildSettings = {
				ALWAYS_SEARCH_USER_PATHS = NO;
				CLANG_ANALYZER_NONNULL = YES;
				CLANG_ANALYZER_NUMBER_OBJECT_CONVERSION = YES_AGGRESSIVE;
				CLANG_CXX_LANGUAGE_STANDARD = "gnu++20";
				CLANG_ENABLE_MODULES = YES;
				CLANG_ENABLE_OBJC_ARC = YES;
				CLANG_ENABLE_OBJC_WEAK = YES;
				CLANG_WARN_BLOCK_CAPTURE_AUTORELEASING = YES;
				CLANG_WARN_BOOL_CONVERSION = YES;
				CLANG_WARN_COMMA = YES;
				CLANG_WARN_CONSTANT_CONVERSION = YES;
				CLANG_WARN_DEPRECATED_OBJC_IMPLEMENTATIONS = YES;
				CLANG_WARN_DIRECT_OBJC_ISA_USAGE = YES_ERROR;
				CLANG_WARN_DOCUMENTATION_COMMENTS = YES;
				CLANG_WARN_EMPTY_BODY = YES;
				CLANG_WARN_ENUM_CONVERSION = YES;
				CLANG_WARN_INFINITE_RECURSION = YES;
				CLANG_WARN_INT_CONVERSION = YES;
				CLANG_WARN_NON_LITERAL_NULL_CONVERSION = YES;
				CLANG_WARN_OBJC_IMPLICIT_RETAIN_SELF = YES;
				CLANG_WARN_OBJC_LITERAL_CONVERSION = YES;
				CLANG_WARN_OBJC_ROOT_CLASS = YES_ERROR;
				CLANG_WARN_QUOTED_INCLUDE_IN_FRAMEWORK_HEADER = YES;
				CLANG_WARN_RANGE_LOOP_ANALYSIS = YES;
				CLANG_WARN_STRICT_PROTOTYPES = YES;
				CLANG_WARN_SUSPICIOUS_MOVE = YES;
				CLANG_WARN_UNGUARDED_AVAILABILITY = YES_AGGRESSIVE;
				CLANG_WARN_UNREACHABLE_CODE = YES;
				CLANG_WARN__DUPLICATE_METHOD_MATCH = YES;
				COPY_PHASE_STRIP = NO;
				DEBUG_INFORMATION_FORMAT = dwarf;
				ENABLE_STRICT_OBJC_MSGSEND = YES;
				ENABLE_TESTABILITY = YES;
				GCC_C_LANGUAGE_STANDARD = gnu11;
				GCC_DYNAMIC_NO_PIC = NO;
				GCC_NO_COMMON_BLOCKS = YES;
				GCC_OPTIMIZATION_LEVEL = 0;
				GCC_PREPROCESSOR_DEFINITIONS = (
					"DEBUG=1",
					"$(inherited)",
				);
				GCC_WARN_64_TO_32_BIT_CONVERSION = YES;
				GCC_WARN_ABOUT_RETURN_TYPE = YES_ERROR;
				GCC_WARN_UNDECLARED_SELECTOR = YES;
				GCC_WARN_UNINITIALIZED_AUTOS = YES_AGGRESSIVE;
				GCC_WARN_UNUSED_FUNCTION = YES;
				GCC_WARN_UNUSED_VARIABLE = YES;
				IPHONEOS_DEPLOYMENT_TARGET = 16.2;
				MTL_ENABLE_DEBUG_INFO = INCLUDE_SOURCE;
				MTL_FAST_MATH = YES;
				ONLY_ACTIVE_ARCH = YES;
				SDKROOT = iphoneos;
				SWIFT_ACTIVE_COMPILATION_CONDITIONS = DEBUG;
				SWIFT_OPTIMIZATION_LEVEL = "-Onone";
			};
			name = Debug;
		};
		D1EBB6892977417100D46528 /* Release */ = {
			isa = XCBuildConfiguration;
			buildSettings = {
				ALWAYS_SEARCH_USER_PATHS = NO;
				CLANG_ANALYZER_NONNULL = YES;
				CLANG_ANALYZER_NUMBER_OBJECT_CONVERSION = YES_AGGRESSIVE;
				CLANG_CXX_LANGUAGE_STANDARD = "gnu++20";
				CLANG_ENABLE_MODULES = YES;
				CLANG_ENABLE_OBJC_ARC = YES;
				CLANG_ENABLE_OBJC_WEAK = YES;
				CLANG_WARN_BLOCK_CAPTURE_AUTORELEASING = YES;
				CLANG_WARN_BOOL_CONVERSION = YES;
				CLANG_WARN_COMMA = YES;
				CLANG_WARN_CONSTANT_CONVERSION = YES;
				CLANG_WARN_DEPRECATED_OBJC_IMPLEMENTATIONS = YES;
				CLANG_WARN_DIRECT_OBJC_ISA_USAGE = YES_ERROR;
				CLANG_WARN_DOCUMENTATION_COMMENTS = YES;
				CLANG_WARN_EMPTY_BODY = YES;
				CLANG_WARN_ENUM_CONVERSION = YES;
				CLANG_WARN_INFINITE_RECURSION = YES;
				CLANG_WARN_INT_CONVERSION = YES;
				CLANG_WARN_NON_LITERAL_NULL_CONVERSION = YES;
				CLANG_WARN_OBJC_IMPLICIT_RETAIN_SELF = YES;
				CLANG_WARN_OBJC_LITERAL_CONVERSION = YES;
				CLANG_WARN_OBJC_ROOT_CLASS = YES_ERROR;
				CLANG_WARN_QUOTED_INCLUDE_IN_FRAMEWORK_HEADER = YES;
				CLANG_WARN_RANGE_LOOP_ANALYSIS = YES;
				CLANG_WARN_STRICT_PROTOTYPES = YES;
				CLANG_WARN_SUSPICIOUS_MOVE = YES;
				CLANG_WARN_UNGUARDED_AVAILABILITY = YES_AGGRESSIVE;
				CLANG_WARN_UNREACHABLE_CODE = YES;
				CLANG_WARN__DUPLICATE_METHOD_MATCH = YES;
				COPY_PHASE_STRIP = NO;
				DEBUG_INFORMATION_FORMAT = "dwarf-with-dsym";
				ENABLE_NS_ASSERTIONS = NO;
				ENABLE_STRICT_OBJC_MSGSEND = YES;
				GCC_C_LANGUAGE_STANDARD = gnu11;
				GCC_NO_COMMON_BLOCKS = YES;
				GCC_WARN_64_TO_32_BIT_CONVERSION = YES;
				GCC_WARN_ABOUT_RETURN_TYPE = YES_ERROR;
				GCC_WARN_UNDECLARED_SELECTOR = YES;
				GCC_WARN_UNINITIALIZED_AUTOS = YES_AGGRESSIVE;
				GCC_WARN_UNUSED_FUNCTION = YES;
				GCC_WARN_UNUSED_VARIABLE = YES;
				IPHONEOS_DEPLOYMENT_TARGET = 16.2;
				MTL_ENABLE_DEBUG_INFO = NO;
				MTL_FAST_MATH = YES;
				SDKROOT = iphoneos;
				SWIFT_COMPILATION_MODE = wholemodule;
				SWIFT_OPTIMIZATION_LEVEL = "-O";
				VALIDATE_PRODUCT = YES;
			};
			name = Release;
		};
		D1EBB68B2977417100D46528 /* Debug */ = {
			isa = XCBuildConfiguration;
			buildSettings = {
				ASSETCATALOG_COMPILER_APPICON_NAME = AppIcon;
				ASSETCATALOG_COMPILER_GLOBAL_ACCENT_COLOR_NAME = AccentColor;
				CODE_SIGN_STYLE = Automatic;
				CURRENT_PROJECT_VERSION = 1;
				DEVELOPMENT_ASSET_PATHS = "\"platzi/Preview Content\"";
				DEVELOPMENT_TEAM = L3D5A3X99W;
				ENABLE_PREVIEWS = YES;
				GENERATE_INFOPLIST_FILE = YES;
				INFOPLIST_KEY_UIApplicationSceneManifest_Generation = YES;
				INFOPLIST_KEY_UIApplicationSupportsIndirectInputEvents = YES;
				INFOPLIST_KEY_UILaunchScreen_Generation = YES;
				INFOPLIST_KEY_UISupportedInterfaceOrientations_iPad = "UIInterfaceOrientationPortrait UIInterfaceOrientationPortraitUpsideDown UIInterfaceOrientationLandscapeLeft UIInterfaceOrientationLandscapeRight";
				INFOPLIST_KEY_UISupportedInterfaceOrientations_iPhone = "UIInterfaceOrientationPortrait UIInterfaceOrientationLandscapeLeft UIInterfaceOrientationLandscapeRight";
				LD_RUNPATH_SEARCH_PATHS = (
					"$(inherited)",
					"@executable_path/Frameworks",
				);
				MARKETING_VERSION = 1.0;
				PRODUCT_BUNDLE_IDENTIFIER = jtnovellis.platzi;
				PRODUCT_NAME = "$(TARGET_NAME)";
				SWIFT_EMIT_LOC_STRINGS = YES;
				SWIFT_VERSION = 5.0;
				TARGETED_DEVICE_FAMILY = "1,2";
			};
			name = Debug;
		};
		D1EBB68C2977417100D46528 /* Release */ = {
			isa = XCBuildConfiguration;
			buildSettings = {
				ASSETCATALOG_COMPILER_APPICON_NAME = AppIcon;
				ASSETCATALOG_COMPILER_GLOBAL_ACCENT_COLOR_NAME = AccentColor;
				CODE_SIGN_STYLE = Automatic;
				CURRENT_PROJECT_VERSION = 1;
				DEVELOPMENT_ASSET_PATHS = "\"platzi/Preview Content\"";
				DEVELOPMENT_TEAM = L3D5A3X99W;
				ENABLE_PREVIEWS = YES;
				GENERATE_INFOPLIST_FILE = YES;
				INFOPLIST_KEY_UIApplicationSceneManifest_Generation = YES;
				INFOPLIST_KEY_UIApplicationSupportsIndirectInputEvents = YES;
				INFOPLIST_KEY_UILaunchScreen_Generation = YES;
				INFOPLIST_KEY_UISupportedInterfaceOrientations_iPad = "UIInterfaceOrientationPortrait UIInterfaceOrientationPortraitUpsideDown UIInterfaceOrientationLandscapeLeft UIInterfaceOrientationLandscapeRight";
				INFOPLIST_KEY_UISupportedInterfaceOrientations_iPhone = "UIInterfaceOrientationPortrait UIInterfaceOrientationLandscapeLeft UIInterfaceOrientationLandscapeRight";
				LD_RUNPATH_SEARCH_PATHS = (
					"$(inherited)",
					"@executable_path/Frameworks",
				);
				MARKETING_VERSION = 1.0;
				PRODUCT_BUNDLE_IDENTIFIER = jtnovellis.platzi;
				PRODUCT_NAME = "$(TARGET_NAME)";
				SWIFT_EMIT_LOC_STRINGS = YES;
				SWIFT_VERSION = 5.0;
				TARGETED_DEVICE_FAMILY = "1,2";
			};
			name = Release;
		};
/* End XCBuildConfiguration section */

/* Begin XCConfigurationList section */
		D1EBB6772977417000D46528 /* Build configuration list for PBXProject "platzi" */ = {
			isa = XCConfigurationList;
			buildConfigurations = (
				D1EBB6882977417100D46528 /* Debug */,
				D1EBB6892977417100D46528 /* Release */,
			);
			defaultConfigurationIsVisible = 0;
			defaultConfigurationName = Release;
		};
		D1EBB68A2977417100D46528 /* Build configuration list for PBXNativeTarget "platzi" */ = {
			isa = XCConfigurationList;
			buildConfigurations = (
				D1EBB68B2977417100D46528 /* Debug */,
				D1EBB68C2977417100D46528 /* Release */,
			);
			defaultConfigurationIsVisible = 0;
			defaultConfigurationName = Release;
		};
/* End XCConfigurationList section */
	};
	rootObject = D1EBB6742977417000D46528 /* Project object */;
}
